<?xml version="1.0" encoding="utf-8"?>
<Project ToolsVersion="4.0" xmlns="http://schemas.microsoft.com/developer/msbuild/2003">
  <ItemGroup>
    <Filter Include="Components">
      <UniqueIdentifier>{fa8e85d5-30ee-4a9e-85ae-e5664140c031}</UniqueIdentifier>
    </Filter>
    <Filter Include="Game">
      <UniqueIdentifier>{320bd765-23fb-486f-aaf3-8439cc4cd605}</UniqueIdentifier>
    </Filter>
    <Filter Include="Utils">
      <UniqueIdentifier>{f75770b6-4ef6-4edd-a912-3a756a743bfb}</UniqueIdentifier>
    </Filter>
    <Filter Include="Shaders">
      <UniqueIdentifier>{88fa0291-2fc8-4254-848c-a4b9603733c0}</UniqueIdentifier>
    </Filter>
    <Filter Include="Levels">
      <UniqueIdentifier>{df08ba56-0651-41c8-905d-7420dcde60d7}</UniqueIdentifier>
    </Filter>
  </ItemGroup>
  <ItemGroup>
    <ClCompile Include="Source.cpp" />
    <ClCompile Include="Components\Camera.cpp">
      <Filter>Components</Filter>
    </ClCompile>
    <ClCompile Include="Components\LightSource.cpp">
      <Filter>Components</Filter>
    </ClCompile>
    <ClCompile Include="Components\Mesh.cpp">
      <Filter>Components</Filter>
    </ClCompile>
    <ClCompile Include="Components\Model.cpp">
      <Filter>Components</Filter>
    </ClCompile>
    <ClCompile Include="Components\Shader.cpp">
      <Filter>Components</Filter>
    </ClCompile>
    <ClCompile Include="Components\Texture.cpp">
      <Filter>Components</Filter>
    </ClCompile>
    <ClCompile Include="Game\Game.cpp">
      <Filter>Game</Filter>
    </ClCompile>
    <ClCompile Include="Game\GameEngine.cpp">
      <Filter>Game</Filter>
    </ClCompile>
    <ClCompile Include="Utils\FrameTimer.cpp">
      <Filter>Utils</Filter>
    </ClCompile>
    <ClCompile Include="Components\TextRenderer.cpp">
      <Filter>Components</Filter>
    </ClCompile>
  </ItemGroup>
  <ItemGroup>
    <ClInclude Include="Components\Camera.h">
      <Filter>Components</Filter>
    </ClInclude>
    <ClInclude Include="Components\LightSource.h">
      <Filter>Components</Filter>
    </ClInclude>
    <ClInclude Include="Components\Mesh.h">
      <Filter>Components</Filter>
    </ClInclude>
    <ClInclude Include="Components\Model.h">
      <Filter>Components</Filter>
    </ClInclude>
    <ClInclude Include="Components\Shader.h">
      <Filter>Components</Filter>
    </ClInclude>
    <ClInclude Include="Components\Texture.h">
      <Filter>Components</Filter>
    </ClInclude>
    <ClInclude Include="Game\Game.h">
      <Filter>Game</Filter>
    </ClInclude>
    <ClInclude Include="Game\GameEngine.h">
      <Filter>Game</Filter>
    </ClInclude>
    <ClInclude Include="Utils\FrameTimer.h">
      <Filter>Utils</Filter>
    </ClInclude>
    <ClInclude Include="Components\TextRenderer.h">
      <Filter>Components</Filter>
    </ClInclude>
  </ItemGroup>
  <ItemGroup>
    <None Include="Shaders\lighting_fragment.shader">
      <Filter>Shaders</Filter>
    </None>
    <None Include="Shaders\lighting_vertex.shader">
      <Filter>Shaders</Filter>
    </None>
    <None Include="Shaders\text_fragment.shader">
      <Filter>Shaders</Filter>
    </None>
    <None Include="Shaders\text_vertex.shader">
      <Filter>Shaders</Filter>
    </None>
  </ItemGroup>
  <ItemGroup>
    <Text Include="Levels\Level.txt">
      <Filter>Levels</Filter>
    </Text>
  </ItemGroup>
</Project>